
Microsoft Visual Studio Solution File, Format Version 12.00
# Visual Studio Version 17
VisualStudioVersion = 17.1.32104.313
MinimumVisualStudioVersion = 10.0.40219.1
Project("{9A19103F-16F7-4668-BE54-9A1E7A4F7556}") = "IntervalLearningApi", "IntervalLearningApi.csproj", "{9818DE49-7979-441C-AB26-F23B6F9A40D3}"
EndProject
Project("{FAE04EC0-301F-11D3-BF4B-00C04F79EFBC}") = "Infrastructure", "..\Infrastructure\Infrastructure.csproj", "{B037140A-FC72-4D26-9ADC-A7031509B590}"
EndProject
Global
	GlobalSection(SolutionConfigurationPlatforms) = preSolution
		Debug|Any CPU = Debug|Any CPU
		Release|Any CPU = Release|Any CPU
	EndGlobalSection
	GlobalSection(ProjectConfigurationPlatforms) = postSolution
		{9818DE49-7979-441C-AB26-F23B6F9A40D3}.Debug|Any CPU.ActiveCfg = Debug|Any CPU
		{9818DE49-7979-441C-AB26-F23B6F9A40D3}.Debug|Any CPU.Build.0 = Debug|Any CPU
		{9818DE49-7979-441C-AB26-F23B6F9A40D3}.Release|Any CPU.ActiveCfg = Release|Any CPU
		{9818DE49-7979-441C-AB26-F23B6F9A40D3}.Release|Any CPU.Build.0 = Release|Any CPU
		{B037140A-FC72-4D26-9ADC-A7031509B590}.Debug|Any CPU.ActiveCfg = Debug|Any CPU
		{B037140A-FC72-4D26-9ADC-A7031509B590}.Debug|Any CPU.Build.0 = Debug|Any CPU
		{B037140A-FC72-4D26-9ADC-A7031509B590}.Release|Any CPU.ActiveCfg = Release|Any CPU
		{B037140A-FC72-4D26-9ADC-A7031509B590}.Release|Any CPU.Build.0 = Release|Any CPU
	EndGlobalSection
	GlobalSection(SolutionProperties) = preSolution
		HideSolutionNode = FALSE
	EndGlobalSection
	GlobalSection(ExtensibilityGlobals) = postSolution
		SolutionGuid = {376E700B-8587-44D0-8677-EA239E672341}
	EndGlobalSection
EndGlobal
