
Microsoft Visual Studio Solution File, Format Version 12.00
# Visual Studio Version 17
VisualStudioVersion = 17.1.32104.313
MinimumVisualStudioVersion = 10.0.40219.1
Project("{9A19103F-16F7-4668-BE54-9A1E7A4F7556}") = "IntervalLearningApi", "IntervalLearningApi\IntervalLearningApi.csproj", "{9818DE49-7979-441C-AB26-F23B6F9A40D3}"
EndProject
Project("{9A19103F-16F7-4668-BE54-9A1E7A4F7556}") = "Infrastructure", "Infrastructure\Infrastructure.csproj", "{B037140A-FC72-4D26-9ADC-A7031509B590}"
EndProject
Project("{9A19103F-16F7-4668-BE54-9A1E7A4F7556}") = "DB", "DB\DB.csproj", "{008B7E25-4A1F-4DD2-84AB-B8A552258265}"
EndProject
Project("{9A19103F-16F7-4668-BE54-9A1E7A4F7556}") = "Domain", "Domain\Domain.csproj", "{BC95AF1B-4E17-4A5A-8578-BF292AFCED32}"
EndProject
Project("{E53339B2-1760-4266-BCC7-CA923CBCF16C}") = "docker-compose", "..\docker-compose.dcproj", "{C22FE057-ADA8-4747-95E5-D65A7FA6CB06}"
EndProject
Global
	GlobalSection(SolutionConfigurationPlatforms) = preSolution
		Debug|Any CPU = Debug|Any CPU
		Release|Any CPU = Release|Any CPU
	EndGlobalSection
	GlobalSection(ProjectConfigurationPlatforms) = postSolution
		{9818DE49-7979-441C-AB26-F23B6F9A40D3}.Debug|Any CPU.ActiveCfg = Debug|Any CPU
		{9818DE49-7979-441C-AB26-F23B6F9A40D3}.Debug|Any CPU.Build.0 = Debug|Any CPU
		{9818DE49-7979-441C-AB26-F23B6F9A40D3}.Release|Any CPU.ActiveCfg = Release|Any CPU
		{9818DE49-7979-441C-AB26-F23B6F9A40D3}.Release|Any CPU.Build.0 = Release|Any CPU
		{B037140A-FC72-4D26-9ADC-A7031509B590}.Debug|Any CPU.ActiveCfg = Debug|Any CPU
		{B037140A-FC72-4D26-9ADC-A7031509B590}.Debug|Any CPU.Build.0 = Debug|Any CPU
		{B037140A-FC72-4D26-9ADC-A7031509B590}.Release|Any CPU.ActiveCfg = Release|Any CPU
		{B037140A-FC72-4D26-9ADC-A7031509B590}.Release|Any CPU.Build.0 = Release|Any CPU
		{008B7E25-4A1F-4DD2-84AB-B8A552258265}.Debug|Any CPU.ActiveCfg = Debug|Any CPU
		{008B7E25-4A1F-4DD2-84AB-B8A552258265}.Debug|Any CPU.Build.0 = Debug|Any CPU
		{008B7E25-4A1F-4DD2-84AB-B8A552258265}.Release|Any CPU.ActiveCfg = Release|Any CPU
		{008B7E25-4A1F-4DD2-84AB-B8A552258265}.Release|Any CPU.Build.0 = Release|Any CPU
		{BC95AF1B-4E17-4A5A-8578-BF292AFCED32}.Debug|Any CPU.ActiveCfg = Debug|Any CPU
		{BC95AF1B-4E17-4A5A-8578-BF292AFCED32}.Debug|Any CPU.Build.0 = Debug|Any CPU
		{BC95AF1B-4E17-4A5A-8578-BF292AFCED32}.Release|Any CPU.ActiveCfg = Release|Any CPU
		{BC95AF1B-4E17-4A5A-8578-BF292AFCED32}.Release|Any CPU.Build.0 = Release|Any CPU
		{C22FE057-ADA8-4747-95E5-D65A7FA6CB06}.Debug|Any CPU.ActiveCfg = Debug|Any CPU
		{C22FE057-ADA8-4747-95E5-D65A7FA6CB06}.Debug|Any CPU.Build.0 = Debug|Any CPU
		{C22FE057-ADA8-4747-95E5-D65A7FA6CB06}.Release|Any CPU.ActiveCfg = Release|Any CPU
		{C22FE057-ADA8-4747-95E5-D65A7FA6CB06}.Release|Any CPU.Build.0 = Release|Any CPU
	EndGlobalSection
	GlobalSection(SolutionProperties) = preSolution
		HideSolutionNode = FALSE
	EndGlobalSection
	GlobalSection(ExtensibilityGlobals) = postSolution
		SolutionGuid = {376E700B-8587-44D0-8677-EA239E672341}
	EndGlobalSection
EndGlobal
